
Microsoft Visual Studio Solution File, Format Version 12.00
# Visual Studio 14
VisualStudioVersion = 14.0.25420.1
MinimumVisualStudioVersion = 10.0.40219.1
Project("{FAE04EC0-301F-11D3-BF4B-00C04F79EFBC}") = "XamarinFromsApp", "XamarinFromsApp\XamarinFromsApp\XamarinFromsApp.csproj", "{BFB5CCB7-C54B-4968-838C-F37941036BDF}"
EndProject
Project("{FAE04EC0-301F-11D3-BF4B-00C04F79EFBC}") = "XamarinFromsApp.Droid", "XamarinFromsApp\XamarinFromsApp.Droid\XamarinFromsApp.Droid.csproj", "{E13AA969-5887-4B1F-9836-98EADB9B1276}"
EndProject
Project("{FAE04EC0-301F-11D3-BF4B-00C04F79EFBC}") = "XamarinFromsApp.iOS", "XamarinFromsApp\XamarinFromsApp.iOS\XamarinFromsApp.iOS.csproj", "{D226E019-EFF8-4499-A63F-B14BCE450113}"
EndProject
Project("{FAE04EC0-301F-11D3-BF4B-00C04F79EFBC}") = "XamarinFromsApp.UWP", "XamarinFromsApp\XamarinFromsApp.UWP\XamarinFromsApp.UWP.csproj", "{D72F01D5-0A78-4896-958E-3C3222833CE2}"
EndProject
Global
	GlobalSection(SolutionConfigurationPlatforms) = preSolution
		Ad-Hoc|Any CPU = Ad-Hoc|Any CPU
		Ad-Hoc|ARM = Ad-Hoc|ARM
		Ad-Hoc|iPhone = Ad-Hoc|iPhone
		Ad-Hoc|iPhoneSimulator = Ad-Hoc|iPhoneSimulator
		Ad-Hoc|x64 = Ad-Hoc|x64
		Ad-Hoc|x86 = Ad-Hoc|x86
		AppStore|Any CPU = AppStore|Any CPU
		AppStore|ARM = AppStore|ARM
		AppStore|iPhone = AppStore|iPhone
		AppStore|iPhoneSimulator = AppStore|iPhoneSimulator
		AppStore|x64 = AppStore|x64
		AppStore|x86 = AppStore|x86
		Debug|Any CPU = Debug|Any CPU
		Debug|ARM = Debug|ARM
		Debug|iPhone = Debug|iPhone
		Debug|iPhoneSimulator = Debug|iPhoneSimulator
		Debug|x64 = Debug|x64
		Debug|x86 = Debug|x86
		Release|Any CPU = Release|Any CPU
		Release|ARM = Release|ARM
		Release|iPhone = Release|iPhone
		Release|iPhoneSimulator = Release|iPhoneSimulator
		Release|x64 = Release|x64
		Release|x86 = Release|x86
	EndGlobalSection
	GlobalSection(ProjectConfigurationPlatforms) = postSolution
		{BFB5CCB7-C54B-4968-838C-F37941036BDF}.Ad-Hoc|Any CPU.ActiveCfg = Release|Any CPU
		{BFB5CCB7-C54B-4968-838C-F37941036BDF}.Ad-Hoc|Any CPU.Build.0 = Release|Any CPU
		{BFB5CCB7-C54B-4968-838C-F37941036BDF}.Ad-Hoc|ARM.ActiveCfg = Release|Any CPU
		{BFB5CCB7-C54B-4968-838C-F37941036BDF}.Ad-Hoc|ARM.Build.0 = Release|Any CPU
		{BFB5CCB7-C54B-4968-838C-F37941036BDF}.Ad-Hoc|iPhone.ActiveCfg = Release|Any CPU
		{BFB5CCB7-C54B-4968-838C-F37941036BDF}.Ad-Hoc|iPhone.Build.0 = Release|Any CPU
		{BFB5CCB7-C54B-4968-838C-F37941036BDF}.Ad-Hoc|iPhoneSimulator.ActiveCfg = Release|Any CPU
		{BFB5CCB7-C54B-4968-838C-F37941036BDF}.Ad-Hoc|iPhoneSimulator.Build.0 = Release|Any CPU
		{BFB5CCB7-C54B-4968-838C-F37941036BDF}.Ad-Hoc|x64.ActiveCfg = Release|Any CPU
		{BFB5CCB7-C54B-4968-838C-F37941036BDF}.Ad-Hoc|x64.Build.0 = Release|Any CPU
		{BFB5CCB7-C54B-4968-838C-F37941036BDF}.Ad-Hoc|x86.ActiveCfg = Release|Any CPU
		{BFB5CCB7-C54B-4968-838C-F37941036BDF}.Ad-Hoc|x86.Build.0 = Release|Any CPU
		{BFB5CCB7-C54B-4968-838C-F37941036BDF}.AppStore|Any CPU.ActiveCfg = Release|Any CPU
		{BFB5CCB7-C54B-4968-838C-F37941036BDF}.AppStore|Any CPU.Build.0 = Release|Any CPU
		{BFB5CCB7-C54B-4968-838C-F37941036BDF}.AppStore|ARM.ActiveCfg = Release|Any CPU
		{BFB5CCB7-C54B-4968-838C-F37941036BDF}.AppStore|ARM.Build.0 = Release|Any CPU
		{BFB5CCB7-C54B-4968-838C-F37941036BDF}.AppStore|iPhone.ActiveCfg = Release|Any CPU
		{BFB5CCB7-C54B-4968-838C-F37941036BDF}.AppStore|iPhone.Build.0 = Release|Any CPU
		{BFB5CCB7-C54B-4968-838C-F37941036BDF}.AppStore|iPhoneSimulator.ActiveCfg = Release|Any CPU
		{BFB5CCB7-C54B-4968-838C-F37941036BDF}.AppStore|iPhoneSimulator.Build.0 = Release|Any CPU
		{BFB5CCB7-C54B-4968-838C-F37941036BDF}.AppStore|x64.ActiveCfg = Release|Any CPU
		{BFB5CCB7-C54B-4968-838C-F37941036BDF}.AppStore|x64.Build.0 = Release|Any CPU
		{BFB5CCB7-C54B-4968-838C-F37941036BDF}.AppStore|x86.ActiveCfg = Release|Any CPU
		{BFB5CCB7-C54B-4968-838C-F37941036BDF}.AppStore|x86.Build.0 = Release|Any CPU
		{BFB5CCB7-C54B-4968-838C-F37941036BDF}.Debug|Any CPU.ActiveCfg = Debug|Any CPU
		{BFB5CCB7-C54B-4968-838C-F37941036BDF}.Debug|Any CPU.Build.0 = Debug|Any CPU
		{BFB5CCB7-C54B-4968-838C-F37941036BDF}.Debug|ARM.ActiveCfg = Debug|Any CPU
		{BFB5CCB7-C54B-4968-838C-F37941036BDF}.Debug|ARM.Build.0 = Debug|Any CPU
		{BFB5CCB7-C54B-4968-838C-F37941036BDF}.Debug|iPhone.ActiveCfg = Debug|Any CPU
		{BFB5CCB7-C54B-4968-838C-F37941036BDF}.Debug|iPhone.Build.0 = Debug|Any CPU
		{BFB5CCB7-C54B-4968-838C-F37941036BDF}.Debug|iPhoneSimulator.ActiveCfg = Debug|Any CPU
		{BFB5CCB7-C54B-4968-838C-F37941036BDF}.Debug|iPhoneSimulator.Build.0 = Debug|Any CPU
		{BFB5CCB7-C54B-4968-838C-F37941036BDF}.Debug|x64.ActiveCfg = Debug|Any CPU
		{BFB5CCB7-C54B-4968-838C-F37941036BDF}.Debug|x64.Build.0 = Debug|Any CPU
		{BFB5CCB7-C54B-4968-838C-F37941036BDF}.Debug|x86.ActiveCfg = Debug|Any CPU
		{BFB5CCB7-C54B-4968-838C-F37941036BDF}.Debug|x86.Build.0 = Debug|Any CPU
		{BFB5CCB7-C54B-4968-838C-F37941036BDF}.Release|Any CPU.ActiveCfg = Release|Any CPU
		{BFB5CCB7-C54B-4968-838C-F37941036BDF}.Release|Any CPU.Build.0 = Release|Any CPU
		{BFB5CCB7-C54B-4968-838C-F37941036BDF}.Release|ARM.ActiveCfg = Release|Any CPU
		{BFB5CCB7-C54B-4968-838C-F37941036BDF}.Release|ARM.Build.0 = Release|Any CPU
		{BFB5CCB7-C54B-4968-838C-F37941036BDF}.Release|iPhone.ActiveCfg = Release|Any CPU
		{BFB5CCB7-C54B-4968-838C-F37941036BDF}.Release|iPhone.Build.0 = Release|Any CPU
		{BFB5CCB7-C54B-4968-838C-F37941036BDF}.Release|iPhoneSimulator.ActiveCfg = Release|Any CPU
		{BFB5CCB7-C54B-4968-838C-F37941036BDF}.Release|iPhoneSimulator.Build.0 = Release|Any CPU
		{BFB5CCB7-C54B-4968-838C-F37941036BDF}.Release|x64.ActiveCfg = Release|Any CPU
		{BFB5CCB7-C54B-4968-838C-F37941036BDF}.Release|x64.Build.0 = Release|Any CPU
		{BFB5CCB7-C54B-4968-838C-F37941036BDF}.Release|x86.ActiveCfg = Release|Any CPU
		{BFB5CCB7-C54B-4968-838C-F37941036BDF}.Release|x86.Build.0 = Release|Any CPU
		{E13AA969-5887-4B1F-9836-98EADB9B1276}.Ad-Hoc|Any CPU.ActiveCfg = Release|Any CPU
		{E13AA969-5887-4B1F-9836-98EADB9B1276}.Ad-Hoc|Any CPU.Build.0 = Release|Any CPU
		{E13AA969-5887-4B1F-9836-98EADB9B1276}.Ad-Hoc|Any CPU.Deploy.0 = Release|Any CPU
		{E13AA969-5887-4B1F-9836-98EADB9B1276}.Ad-Hoc|ARM.ActiveCfg = Release|Any CPU
		{E13AA969-5887-4B1F-9836-98EADB9B1276}.Ad-Hoc|ARM.Build.0 = Release|Any CPU
		{E13AA969-5887-4B1F-9836-98EADB9B1276}.Ad-Hoc|ARM.Deploy.0 = Release|Any CPU
		{E13AA969-5887-4B1F-9836-98EADB9B1276}.Ad-Hoc|iPhone.ActiveCfg = Release|Any CPU
		{E13AA969-5887-4B1F-9836-98EADB9B1276}.Ad-Hoc|iPhone.Build.0 = Release|Any CPU
		{E13AA969-5887-4B1F-9836-98EADB9B1276}.Ad-Hoc|iPhone.Deploy.0 = Release|Any CPU
		{E13AA969-5887-4B1F-9836-98EADB9B1276}.Ad-Hoc|iPhoneSimulator.ActiveCfg = Release|Any CPU
		{E13AA969-5887-4B1F-9836-98EADB9B1276}.Ad-Hoc|iPhoneSimulator.Build.0 = Release|Any CPU
		{E13AA969-5887-4B1F-9836-98EADB9B1276}.Ad-Hoc|iPhoneSimulator.Deploy.0 = Release|Any CPU
		{E13AA969-5887-4B1F-9836-98EADB9B1276}.Ad-Hoc|x64.ActiveCfg = Release|Any CPU
		{E13AA969-5887-4B1F-9836-98EADB9B1276}.Ad-Hoc|x64.Build.0 = Release|Any CPU
		{E13AA969-5887-4B1F-9836-98EADB9B1276}.Ad-Hoc|x64.Deploy.0 = Release|Any CPU
		{E13AA969-5887-4B1F-9836-98EADB9B1276}.Ad-Hoc|x86.ActiveCfg = Release|Any CPU
		{E13AA969-5887-4B1F-9836-98EADB9B1276}.Ad-Hoc|x86.Build.0 = Release|Any CPU
		{E13AA969-5887-4B1F-9836-98EADB9B1276}.Ad-Hoc|x86.Deploy.0 = Release|Any CPU
		{E13AA969-5887-4B1F-9836-98EADB9B1276}.AppStore|Any CPU.ActiveCfg = Release|Any CPU
		{E13AA969-5887-4B1F-9836-98EADB9B1276}.AppStore|Any CPU.Build.0 = Release|Any CPU
		{E13AA969-5887-4B1F-9836-98EADB9B1276}.AppStore|Any CPU.Deploy.0 = Release|Any CPU
		{E13AA969-5887-4B1F-9836-98EADB9B1276}.AppStore|ARM.ActiveCfg = Release|Any CPU
		{E13AA969-5887-4B1F-9836-98EADB9B1276}.AppStore|ARM.Build.0 = Release|Any CPU
		{E13AA969-5887-4B1F-9836-98EADB9B1276}.AppStore|ARM.Deploy.0 = Release|Any CPU
		{E13AA969-5887-4B1F-9836-98EADB9B1276}.AppStore|iPhone.ActiveCfg = Release|Any CPU
		{E13AA969-5887-4B1F-9836-98EADB9B1276}.AppStore|iPhone.Build.0 = Release|Any CPU
		{E13AA969-5887-4B1F-9836-98EADB9B1276}.AppStore|iPhone.Deploy.0 = Release|Any CPU
		{E13AA969-5887-4B1F-9836-98EADB9B1276}.AppStore|iPhoneSimulator.ActiveCfg = Release|Any CPU
		{E13AA969-5887-4B1F-9836-98EADB9B1276}.AppStore|iPhoneSimulator.Build.0 = Release|Any CPU
		{E13AA969-5887-4B1F-9836-98EADB9B1276}.AppStore|iPhoneSimulator.Deploy.0 = Release|Any CPU
		{E13AA969-5887-4B1F-9836-98EADB9B1276}.AppStore|x64.ActiveCfg = Release|Any CPU
		{E13AA969-5887-4B1F-9836-98EADB9B1276}.AppStore|x64.Build.0 = Release|Any CPU
		{E13AA969-5887-4B1F-9836-98EADB9B1276}.AppStore|x64.Deploy.0 = Release|Any CPU
		{E13AA969-5887-4B1F-9836-98EADB9B1276}.AppStore|x86.ActiveCfg = Release|Any CPU
		{E13AA969-5887-4B1F-9836-98EADB9B1276}.AppStore|x86.Build.0 = Release|Any CPU
		{E13AA969-5887-4B1F-9836-98EADB9B1276}.AppStore|x86.Deploy.0 = Release|Any CPU
		{E13AA969-5887-4B1F-9836-98EADB9B1276}.Debug|Any CPU.ActiveCfg = Debug|Any CPU
		{E13AA969-5887-4B1F-9836-98EADB9B1276}.Debug|Any CPU.Build.0 = Debug|Any CPU
		{E13AA969-5887-4B1F-9836-98EADB9B1276}.Debug|Any CPU.Deploy.0 = Debug|Any CPU
		{E13AA969-5887-4B1F-9836-98EADB9B1276}.Debug|ARM.ActiveCfg = Debug|Any CPU
		{E13AA969-5887-4B1F-9836-98EADB9B1276}.Debug|ARM.Build.0 = Debug|Any CPU
		{E13AA969-5887-4B1F-9836-98EADB9B1276}.Debug|ARM.Deploy.0 = Debug|Any CPU
		{E13AA969-5887-4B1F-9836-98EADB9B1276}.Debug|iPhone.ActiveCfg = Debug|Any CPU
		{E13AA969-5887-4B1F-9836-98EADB9B1276}.Debug|iPhone.Build.0 = Debug|Any CPU
		{E13AA969-5887-4B1F-9836-98EADB9B1276}.Debug|iPhone.Deploy.0 = Debug|Any CPU
		{E13AA969-5887-4B1F-9836-98EADB9B1276}.Debug|iPhoneSimulator.ActiveCfg = Debug|Any CPU
		{E13AA969-5887-4B1F-9836-98EADB9B1276}.Debug|iPhoneSimulator.Build.0 = Debug|Any CPU
		{E13AA969-5887-4B1F-9836-98EADB9B1276}.Debug|iPhoneSimulator.Deploy.0 = Debug|Any CPU
		{E13AA969-5887-4B1F-9836-98EADB9B1276}.Debug|x64.ActiveCfg = Debug|Any CPU
		{E13AA969-5887-4B1F-9836-98EADB9B1276}.Debug|x64.Build.0 = Debug|Any CPU
		{E13AA969-5887-4B1F-9836-98EADB9B1276}.Debug|x64.Deploy.0 = Debug|Any CPU
		{E13AA969-5887-4B1F-9836-98EADB9B1276}.Debug|x86.ActiveCfg = Debug|Any CPU
		{E13AA969-5887-4B1F-9836-98EADB9B1276}.Debug|x86.Build.0 = Debug|Any CPU
		{E13AA969-5887-4B1F-9836-98EADB9B1276}.Debug|x86.Deploy.0 = Debug|Any CPU
		{E13AA969-5887-4B1F-9836-98EADB9B1276}.Release|Any CPU.ActiveCfg = Release|Any CPU
		{E13AA969-5887-4B1F-9836-98EADB9B1276}.Release|Any CPU.Build.0 = Release|Any CPU
		{E13AA969-5887-4B1F-9836-98EADB9B1276}.Release|Any CPU.Deploy.0 = Release|Any CPU
		{E13AA969-5887-4B1F-9836-98EADB9B1276}.Release|ARM.ActiveCfg = Release|Any CPU
		{E13AA969-5887-4B1F-9836-98EADB9B1276}.Release|ARM.Build.0 = Release|Any CPU
		{E13AA969-5887-4B1F-9836-98EADB9B1276}.Release|ARM.Deploy.0 = Release|Any CPU
		{E13AA969-5887-4B1F-9836-98EADB9B1276}.Release|iPhone.ActiveCfg = Release|Any CPU
		{E13AA969-5887-4B1F-9836-98EADB9B1276}.Release|iPhone.Build.0 = Release|Any CPU
		{E13AA969-5887-4B1F-9836-98EADB9B1276}.Release|iPhone.Deploy.0 = Release|Any CPU
		{E13AA969-5887-4B1F-9836-98EADB9B1276}.Release|iPhoneSimulator.ActiveCfg = Release|Any CPU
		{E13AA969-5887-4B1F-9836-98EADB9B1276}.Release|iPhoneSimulator.Build.0 = Release|Any CPU
		{E13AA969-5887-4B1F-9836-98EADB9B1276}.Release|iPhoneSimulator.Deploy.0 = Release|Any CPU
		{E13AA969-5887-4B1F-9836-98EADB9B1276}.Release|x64.ActiveCfg = Release|Any CPU
		{E13AA969-5887-4B1F-9836-98EADB9B1276}.Release|x64.Build.0 = Release|Any CPU
		{E13AA969-5887-4B1F-9836-98EADB9B1276}.Release|x64.Deploy.0 = Release|Any CPU
		{E13AA969-5887-4B1F-9836-98EADB9B1276}.Release|x86.ActiveCfg = Release|Any CPU
		{E13AA969-5887-4B1F-9836-98EADB9B1276}.Release|x86.Build.0 = Release|Any CPU
		{E13AA969-5887-4B1F-9836-98EADB9B1276}.Release|x86.Deploy.0 = Release|Any CPU
		{D226E019-EFF8-4499-A63F-B14BCE450113}.Ad-Hoc|Any CPU.ActiveCfg = Ad-Hoc|iPhone
		{D226E019-EFF8-4499-A63F-B14BCE450113}.Ad-Hoc|ARM.ActiveCfg = Ad-Hoc|iPhone
		{D226E019-EFF8-4499-A63F-B14BCE450113}.Ad-Hoc|iPhone.ActiveCfg = Ad-Hoc|iPhone
		{D226E019-EFF8-4499-A63F-B14BCE450113}.Ad-Hoc|iPhone.Build.0 = Ad-Hoc|iPhone
		{D226E019-EFF8-4499-A63F-B14BCE450113}.Ad-Hoc|iPhoneSimulator.ActiveCfg = Ad-Hoc|iPhoneSimulator
		{D226E019-EFF8-4499-A63F-B14BCE450113}.Ad-Hoc|iPhoneSimulator.Build.0 = Ad-Hoc|iPhoneSimulator
		{D226E019-EFF8-4499-A63F-B14BCE450113}.Ad-Hoc|x64.ActiveCfg = Ad-Hoc|iPhone
		{D226E019-EFF8-4499-A63F-B14BCE450113}.Ad-Hoc|x86.ActiveCfg = Ad-Hoc|iPhone
		{D226E019-EFF8-4499-A63F-B14BCE450113}.AppStore|Any CPU.ActiveCfg = AppStore|iPhone
		{D226E019-EFF8-4499-A63F-B14BCE450113}.AppStore|ARM.ActiveCfg = AppStore|iPhone
		{D226E019-EFF8-4499-A63F-B14BCE450113}.AppStore|iPhone.ActiveCfg = AppStore|iPhone
		{D226E019-EFF8-4499-A63F-B14BCE450113}.AppStore|iPhone.Build.0 = AppStore|iPhone
		{D226E019-EFF8-4499-A63F-B14BCE450113}.AppStore|iPhoneSimulator.ActiveCfg = AppStore|iPhoneSimulator
		{D226E019-EFF8-4499-A63F-B14BCE450113}.AppStore|iPhoneSimulator.Build.0 = AppStore|iPhoneSimulator
		{D226E019-EFF8-4499-A63F-B14BCE450113}.AppStore|x64.ActiveCfg = AppStore|iPhone
		{D226E019-EFF8-4499-A63F-B14BCE450113}.AppStore|x86.ActiveCfg = AppStore|iPhone
		{D226E019-EFF8-4499-A63F-B14BCE450113}.Debug|Any CPU.ActiveCfg = Debug|iPhone
		{D226E019-EFF8-4499-A63F-B14BCE450113}.Debug|ARM.ActiveCfg = Debug|iPhone
		{D226E019-EFF8-4499-A63F-B14BCE450113}.Debug|iPhone.ActiveCfg = Debug|iPhone
		{D226E019-EFF8-4499-A63F-B14BCE450113}.Debug|iPhone.Build.0 = Debug|iPhone
		{D226E019-EFF8-4499-A63F-B14BCE450113}.Debug|iPhoneSimulator.ActiveCfg = Debug|iPhoneSimulator
		{D226E019-EFF8-4499-A63F-B14BCE450113}.Debug|iPhoneSimulator.Build.0 = Debug|iPhoneSimulator
		{D226E019-EFF8-4499-A63F-B14BCE450113}.Debug|x64.ActiveCfg = Debug|iPhone
		{D226E019-EFF8-4499-A63F-B14BCE450113}.Debug|x86.ActiveCfg = Debug|iPhone
		{D226E019-EFF8-4499-A63F-B14BCE450113}.Release|Any CPU.ActiveCfg = Release|iPhone
		{D226E019-EFF8-4499-A63F-B14BCE450113}.Release|ARM.ActiveCfg = Release|iPhone
		{D226E019-EFF8-4499-A63F-B14BCE450113}.Release|iPhone.ActiveCfg = Release|iPhone
		{D226E019-EFF8-4499-A63F-B14BCE450113}.Release|iPhone.Build.0 = Release|iPhone
		{D226E019-EFF8-4499-A63F-B14BCE450113}.Release|iPhoneSimulator.ActiveCfg = Release|iPhoneSimulator
		{D226E019-EFF8-4499-A63F-B14BCE450113}.Release|iPhoneSimulator.Build.0 = Release|iPhoneSimulator
		{D226E019-EFF8-4499-A63F-B14BCE450113}.Release|x64.ActiveCfg = Release|iPhone
		{D226E019-EFF8-4499-A63F-B14BCE450113}.Release|x86.ActiveCfg = Release|iPhone
		{D72F01D5-0A78-4896-958E-3C3222833CE2}.Ad-Hoc|Any CPU.ActiveCfg = Release|x86
		{D72F01D5-0A78-4896-958E-3C3222833CE2}.Ad-Hoc|Any CPU.Build.0 = Release|x86
		{D72F01D5-0A78-4896-958E-3C3222833CE2}.Ad-Hoc|Any CPU.Deploy.0 = Release|x86
		{D72F01D5-0A78-4896-958E-3C3222833CE2}.Ad-Hoc|ARM.ActiveCfg = Release|ARM
		{D72F01D5-0A78-4896-958E-3C3222833CE2}.Ad-Hoc|ARM.Build.0 = Release|ARM
		{D72F01D5-0A78-4896-958E-3C3222833CE2}.Ad-Hoc|ARM.Deploy.0 = Release|ARM
		{D72F01D5-0A78-4896-958E-3C3222833CE2}.Ad-Hoc|iPhone.ActiveCfg = Release|x86
		{D72F01D5-0A78-4896-958E-3C3222833CE2}.Ad-Hoc|iPhone.Build.0 = Release|x86
		{D72F01D5-0A78-4896-958E-3C3222833CE2}.Ad-Hoc|iPhone.Deploy.0 = Release|x86
		{D72F01D5-0A78-4896-958E-3C3222833CE2}.Ad-Hoc|iPhoneSimulator.ActiveCfg = Release|x86
		{D72F01D5-0A78-4896-958E-3C3222833CE2}.Ad-Hoc|iPhoneSimulator.Build.0 = Release|x86
		{D72F01D5-0A78-4896-958E-3C3222833CE2}.Ad-Hoc|iPhoneSimulator.Deploy.0 = Release|x86
		{D72F01D5-0A78-4896-958E-3C3222833CE2}.Ad-Hoc|x64.ActiveCfg = Release|x64
		{D72F01D5-0A78-4896-958E-3C3222833CE2}.Ad-Hoc|x64.Build.0 = Release|x64
		{D72F01D5-0A78-4896-958E-3C3222833CE2}.Ad-Hoc|x64.Deploy.0 = Release|x64
		{D72F01D5-0A78-4896-958E-3C3222833CE2}.Ad-Hoc|x86.ActiveCfg = Release|x86
		{D72F01D5-0A78-4896-958E-3C3222833CE2}.Ad-Hoc|x86.Build.0 = Release|x86
		{D72F01D5-0A78-4896-958E-3C3222833CE2}.Ad-Hoc|x86.Deploy.0 = Release|x86
		{D72F01D5-0A78-4896-958E-3C3222833CE2}.AppStore|Any CPU.ActiveCfg = Release|x86
		{D72F01D5-0A78-4896-958E-3C3222833CE2}.AppStore|Any CPU.Build.0 = Release|x86
		{D72F01D5-0A78-4896-958E-3C3222833CE2}.AppStore|Any CPU.Deploy.0 = Release|x86
		{D72F01D5-0A78-4896-958E-3C3222833CE2}.AppStore|ARM.ActiveCfg = Release|ARM
		{D72F01D5-0A78-4896-958E-3C3222833CE2}.AppStore|ARM.Build.0 = Release|ARM
		{D72F01D5-0A78-4896-958E-3C3222833CE2}.AppStore|ARM.Deploy.0 = Release|ARM
		{D72F01D5-0A78-4896-958E-3C3222833CE2}.AppStore|iPhone.ActiveCfg = Release|x86
		{D72F01D5-0A78-4896-958E-3C3222833CE2}.AppStore|iPhone.Build.0 = Release|x86
		{D72F01D5-0A78-4896-958E-3C3222833CE2}.AppStore|iPhone.Deploy.0 = Release|x86
		{D72F01D5-0A78-4896-958E-3C3222833CE2}.AppStore|iPhoneSimulator.ActiveCfg = Release|x86
		{D72F01D5-0A78-4896-958E-3C3222833CE2}.AppStore|iPhoneSimulator.Build.0 = Release|x86
		{D72F01D5-0A78-4896-958E-3C3222833CE2}.AppStore|iPhoneSimulator.Deploy.0 = Release|x86
		{D72F01D5-0A78-4896-958E-3C3222833CE2}.AppStore|x64.ActiveCfg = Release|x64
		{D72F01D5-0A78-4896-958E-3C3222833CE2}.AppStore|x64.Build.0 = Release|x64
		{D72F01D5-0A78-4896-958E-3C3222833CE2}.AppStore|x64.Deploy.0 = Release|x64
		{D72F01D5-0A78-4896-958E-3C3222833CE2}.AppStore|x86.ActiveCfg = Release|x86
		{D72F01D5-0A78-4896-958E-3C3222833CE2}.AppStore|x86.Build.0 = Release|x86
		{D72F01D5-0A78-4896-958E-3C3222833CE2}.AppStore|x86.Deploy.0 = Release|x86
		{D72F01D5-0A78-4896-958E-3C3222833CE2}.Debug|Any CPU.ActiveCfg = Debug|x86
		{D72F01D5-0A78-4896-958E-3C3222833CE2}.Debug|ARM.ActiveCfg = Debug|ARM
		{D72F01D5-0A78-4896-958E-3C3222833CE2}.Debug|ARM.Build.0 = Debug|ARM
		{D72F01D5-0A78-4896-958E-3C3222833CE2}.Debug|ARM.Deploy.0 = Debug|ARM
		{D72F01D5-0A78-4896-958E-3C3222833CE2}.Debug|iPhone.ActiveCfg = Debug|x86
		{D72F01D5-0A78-4896-958E-3C3222833CE2}.Debug|iPhoneSimulator.ActiveCfg = Debug|x86
		{D72F01D5-0A78-4896-958E-3C3222833CE2}.Debug|x64.ActiveCfg = Debug|x64
		{D72F01D5-0A78-4896-958E-3C3222833CE2}.Debug|x64.Build.0 = Debug|x64
		{D72F01D5-0A78-4896-958E-3C3222833CE2}.Debug|x64.Deploy.0 = Debug|x64
		{D72F01D5-0A78-4896-958E-3C3222833CE2}.Debug|x86.ActiveCfg = Debug|x86
		{D72F01D5-0A78-4896-958E-3C3222833CE2}.Debug|x86.Build.0 = Debug|x86
		{D72F01D5-0A78-4896-958E-3C3222833CE2}.Debug|x86.Deploy.0 = Debug|x86
		{D72F01D5-0A78-4896-958E-3C3222833CE2}.Release|Any CPU.ActiveCfg = Release|x86
		{D72F01D5-0A78-4896-958E-3C3222833CE2}.Release|ARM.ActiveCfg = Release|ARM
		{D72F01D5-0A78-4896-958E-3C3222833CE2}.Release|ARM.Build.0 = Release|ARM
		{D72F01D5-0A78-4896-958E-3C3222833CE2}.Release|ARM.Deploy.0 = Release|ARM
		{D72F01D5-0A78-4896-958E-3C3222833CE2}.Release|iPhone.ActiveCfg = Release|x86
		{D72F01D5-0A78-4896-958E-3C3222833CE2}.Release|iPhoneSimulator.ActiveCfg = Release|x86
		{D72F01D5-0A78-4896-958E-3C3222833CE2}.Release|x64.ActiveCfg = Release|x64
		{D72F01D5-0A78-4896-958E-3C3222833CE2}.Release|x64.Build.0 = Release|x64
		{D72F01D5-0A78-4896-958E-3C3222833CE2}.Release|x64.Deploy.0 = Release|x64
		{D72F01D5-0A78-4896-958E-3C3222833CE2}.Release|x86.ActiveCfg = Release|x86
		{D72F01D5-0A78-4896-958E-3C3222833CE2}.Release|x86.Build.0 = Release|x86
		{D72F01D5-0A78-4896-958E-3C3222833CE2}.Release|x86.Deploy.0 = Release|x86
	EndGlobalSection
	GlobalSection(SolutionProperties) = preSolution
		HideSolutionNode = FALSE
	EndGlobalSection
EndGlobal
